
Microsoft Visual Studio Solution File, Format Version 12.00
# Visual Studio Version 16
VisualStudioVersion = 16.0.30804.86
MinimumVisualStudioVersion = 10.0.40219.1
Project("{FAE04EC0-301F-11D3-BF4B-00C04F79EFBC}") = "Library", "Librarн\Library.csproj", "{764AC67D-1376-414D-94A2-37526C6E3BDB}"
EndProject
Global
	GlobalSection(SolutionConfigurationPlatforms) = preSolution
		Debug|Any CPU = Debug|Any CPU
		Release|Any CPU = Release|Any CPU
	EndGlobalSection
	GlobalSection(ProjectConfigurationPlatforms) = postSolution
		{764AC67D-1376-414D-94A2-37526C6E3BDB}.Debug|Any CPU.ActiveCfg = Debug|Any CPU
		{764AC67D-1376-414D-94A2-37526C6E3BDB}.Debug|Any CPU.Build.0 = Debug|Any CPU
		{764AC67D-1376-414D-94A2-37526C6E3BDB}.Release|Any CPU.ActiveCfg = Release|Any CPU
		{764AC67D-1376-414D-94A2-37526C6E3BDB}.Release|Any CPU.Build.0 = Release|Any CPU
	EndGlobalSection
	GlobalSection(SolutionProperties) = preSolution
		HideSolutionNode = FALSE
	EndGlobalSection
	GlobalSection(ExtensibilityGlobals) = postSolution
		SolutionGuid = {54C9F754-A1B2-4BC7-954B-B63A3F3D84D4}
	EndGlobalSection
EndGlobal
