
Microsoft Visual Studio Solution File, Format Version 12.00
# Visual Studio Version 16
VisualStudioVersion = 16.0.30804.86
MinimumVisualStudioVersion = 10.0.40219.1
Project("{FAE04EC0-301F-11D3-BF4B-00C04F79EFBC}") = "methods_lesson_1", "methods_lesson_1\methods_lesson_1.csproj", "{95D980D6-CADA-40A0-8A59-F1B9A1C05163}"
EndProject
Global
	GlobalSection(SolutionConfigurationPlatforms) = preSolution
		Debug|Any CPU = Debug|Any CPU
		Release|Any CPU = Release|Any CPU
	EndGlobalSection
	GlobalSection(ProjectConfigurationPlatforms) = postSolution
		{95D980D6-CADA-40A0-8A59-F1B9A1C05163}.Debug|Any CPU.ActiveCfg = Debug|Any CPU
		{95D980D6-CADA-40A0-8A59-F1B9A1C05163}.Debug|Any CPU.Build.0 = Debug|Any CPU
		{95D980D6-CADA-40A0-8A59-F1B9A1C05163}.Release|Any CPU.ActiveCfg = Release|Any CPU
		{95D980D6-CADA-40A0-8A59-F1B9A1C05163}.Release|Any CPU.Build.0 = Release|Any CPU
	EndGlobalSection
	GlobalSection(SolutionProperties) = preSolution
		HideSolutionNode = FALSE
	EndGlobalSection
	GlobalSection(ExtensibilityGlobals) = postSolution
		SolutionGuid = {F755BD08-B237-4672-8D20-B2A8D3583CC6}
	EndGlobalSection
EndGlobal
