
Microsoft Visual Studio Solution File, Format Version 12.00
# Visual Studio Version 16
VisualStudioVersion = 16.0.30804.86
MinimumVisualStudioVersion = 10.0.40219.1
Project("{FAE04EC0-301F-11D3-BF4B-00C04F79EFBC}") = "Method_Overloading", "Method_Overloading\Method_Overloading.csproj", "{AEEB99A2-D6A8-48CF-9208-02353543D7B0}"
EndProject
Global
	GlobalSection(SolutionConfigurationPlatforms) = preSolution
		Debug|Any CPU = Debug|Any CPU
		Release|Any CPU = Release|Any CPU
	EndGlobalSection
	GlobalSection(ProjectConfigurationPlatforms) = postSolution
		{AEEB99A2-D6A8-48CF-9208-02353543D7B0}.Debug|Any CPU.ActiveCfg = Debug|Any CPU
		{AEEB99A2-D6A8-48CF-9208-02353543D7B0}.Debug|Any CPU.Build.0 = Debug|Any CPU
		{AEEB99A2-D6A8-48CF-9208-02353543D7B0}.Release|Any CPU.ActiveCfg = Release|Any CPU
		{AEEB99A2-D6A8-48CF-9208-02353543D7B0}.Release|Any CPU.Build.0 = Release|Any CPU
	EndGlobalSection
	GlobalSection(SolutionProperties) = preSolution
		HideSolutionNode = FALSE
	EndGlobalSection
	GlobalSection(ExtensibilityGlobals) = postSolution
		SolutionGuid = {06BA74B1-3520-4355-920C-74AD9BEDF4B5}
	EndGlobalSection
EndGlobal
